{
  "name": "ExerciseFindTheFirstNonRepeatedCharacter",
  "version": "1.0.0",
  "lockfileVersion": 1,
  "requires": true,
  "dependencies": {
    "lodash.includes": {
      "version": "4.3.0",
      "resolved": "https://registry.npmjs.org/lodash.includes/-/lodash.includes-4.3.0.tgz",
      "integrity": "sha1-YLuYqHy5I8aMoeUTJUgzFISfVT8="
    },
    "lodash.isequal": {
      "version": "4.5.0",
      "resolved": "https://registry.npmjs.org/lodash.isequal/-/lodash.isequal-4.5.0.tgz",
      "integrity": "sha1-QVxEePK8wwEgwizhDtMib30+GOA="
    },
    "simple-hashtable": {
      "version": "1.0.0",
      "resolved": "https://registry.npmjs.org/simple-hashtable/-/simple-hashtable-1.0.0.tgz",
      "integrity": "sha512-4CGX0yaBZvpP6NbXlwQDMoA7TQz4yBHyuFHf5Jd5R6gQolljKuVXPH6XFKF6zwys3zNzeH9nMdurhtGcZHGTEg==",
      "requires": {
        "lodash.includes": "^4.3.0",
        "lodash.isequal": "^4.5.0",
        "singly-linked-list": "^1.4.0"
      }
    },
    "singly-linked-list": {
      "version": "1.4.0",
      "resolved": "https://registry.npmjs.org/singly-linked-list/-/singly-linked-list-1.4.0.tgz",
      "integrity": "sha512-Ucsx71El+25OIZrERGrmgEpQIAi581OPklI71TS4qhm7HpY81Ju0wC7BBMyMm6o0j628guX9GPdvTD36q8D80Q==",
      "requires": {
        "lodash.isequal": "^4.5.0"
      }
    }
  }
}
